// !$*UTF8*$!
{
	archiveVersion = 1;
	classes = {
	};
	objectVersion = 54;
	objects = {

/* Begin PBXBuildFile section */
		0AF270F5EC044FF2A2B76B90 /* SourceSans3-SemiBold.ttf in Resources */ = {isa = PBXBuildFile; fileRef = DCB8E01E33B34B1496A9392B /* SourceSans3-SemiBold.ttf */; };
		0C80B921A6F3F58F76C31292 /* libPods-TheMovieDb.a in Frameworks */ = {isa = PBXBuildFile; fileRef = 5DCACB8F33CDC322A6C60F78 /* libPods-TheMovieDb.a */; };
		121E89DC073F46CDAFF9D9C7 /* SourceSans3-Regular.ttf in Resources */ = {isa = PBXBuildFile; fileRef = 621B0AD46A3847948B6B8A81 /* SourceSans3-Regular.ttf */; };
		13B07FBF1A68108700A75B9A /* Images.xcassets in Resources */ = {isa = PBXBuildFile; fileRef = 13B07FB51A68108700A75B9A /* Images.xcassets */; };
		15C5A6D700154F399F806AA5 /* SourceSans3-ExtraLightItalic.ttf in Resources */ = {isa = PBXBuildFile; fileRef = B3DC91B84A1E414DB3FD95DF /* SourceSans3-ExtraLightItalic.ttf */; };
		35C4C11C4B2C433491FF1575 /* SourceSans3-Black.ttf in Resources */ = {isa = PBXBuildFile; fileRef = 1F77180DBBD347B99239AF2E /* SourceSans3-Black.ttf */; };
		599B82C5333CC7AC223717F5 /* PrivacyInfo.xcprivacy in Resources */ = {isa = PBXBuildFile; fileRef = 13B07FB81A68108700A75B9A /* PrivacyInfo.xcprivacy */; };
		5D4568F815334CB4AAC33111 /* SourceSans3-ExtraLight.ttf in Resources */ = {isa = PBXBuildFile; fileRef = 5DCFC3C405724564B76F8AAC /* SourceSans3-ExtraLight.ttf */; };
		64C1F83A4F714C83BD6094B8 /* SourceSans3-MediumItalic.ttf in Resources */ = {isa = PBXBuildFile; fileRef = 6A59C80BC7514ACD99E4CEEF /* SourceSans3-MediumItalic.ttf */; };
		761780ED2CA45674006654EE /* AppDelegate.swift in Sources */ = {isa = PBXBuildFile; fileRef = 761780EC2CA45674006654EE /* AppDelegate.swift */; };
		76A28F5AB76C4CE586ABDEA1 /* SourceSans3-ExtraBoldItalic.ttf in Resources */ = {isa = PBXBuildFile; fileRef = 6D74AC3E757346AC9C196C3A /* SourceSans3-ExtraBoldItalic.ttf */; };
		81AB9BB82411601600AC10FF /* LaunchScreen.storyboard in Resources */ = {isa = PBXBuildFile; fileRef = 81AB9BB72411601600AC10FF /* LaunchScreen.storyboard */; };
		824FF5D0ED6C404186F3DCFF /* SourceSans3-SemiBoldItalic.ttf in Resources */ = {isa = PBXBuildFile; fileRef = 7A032CA40E3D4E9F9C56A0AD /* SourceSans3-SemiBoldItalic.ttf */; };
		95EEC996899B49848BEF6BA6 /* SourceSans3-LightItalic.ttf in Resources */ = {isa = PBXBuildFile; fileRef = BE320C92825B4998B6ED308C /* SourceSans3-LightItalic.ttf */; };
		9DD59F612B2A4BF2AF253D12 /* SourceSans3-Light.ttf in Resources */ = {isa = PBXBuildFile; fileRef = C9E92FC69B2240B3B15915A0 /* SourceSans3-Light.ttf */; };
		A9F484F0F71D438C9BF6B10E /* SourceSans3-Italic.ttf in Resources */ = {isa = PBXBuildFile; fileRef = A715CD6DB7544A2192AF14C3 /* SourceSans3-Italic.ttf */; };
		C8A70A67CEAF4C1DAA510BD4 /* SourceSans3-BlackItalic.ttf in Resources */ = {isa = PBXBuildFile; fileRef = 1E9184A92C6A4122B847D5DC /* SourceSans3-BlackItalic.ttf */; };
		C973D98F79B44E0CA2077DD7 /* SourceSans3-Medium.ttf in Resources */ = {isa = PBXBuildFile; fileRef = 2F8F83178D184F97B87FA001 /* SourceSans3-Medium.ttf */; };
		D5B4589034CB40A9AE705994 /* SourceSans3-Bold.ttf in Resources */ = {isa = PBXBuildFile; fileRef = 318331B1201045E697784C10 /* SourceSans3-Bold.ttf */; };
		D6E564BDC6854CBDA139B727 /* SourceSans3-BoldItalic.ttf in Resources */ = {isa = PBXBuildFile; fileRef = 7760A1BFF1974ED397DCCFB4 /* SourceSans3-BoldItalic.ttf */; };
		ECF305F4DD8D457E8D5A31F6 /* SourceSans3-ExtraBold.ttf in Resources */ = {isa = PBXBuildFile; fileRef = 7DBCE928AEA34922A5D33AAA /* SourceSans3-ExtraBold.ttf */; };
/* End PBXBuildFile section */

/* Begin PBXFileReference section */
		13B07F961A680F5B00A75B9A /* TheMovieDb.app */ = {isa = PBXFileReference; explicitFileType = wrapper.application; includeInIndex = 0; path = TheMovieDb.app; sourceTree = BUILT_PRODUCTS_DIR; };
		13B07FB51A68108700A75B9A /* Images.xcassets */ = {isa = PBXFileReference; lastKnownFileType = folder.assetcatalog; name = Images.xcassets; path = TheMovieDb/Images.xcassets; sourceTree = "<group>"; };
		13B07FB61A68108700A75B9A /* Info.plist */ = {isa = PBXFileReference; fileEncoding = 4; lastKnownFileType = text.plist.xml; name = Info.plist; path = TheMovieDb/Info.plist; sourceTree = "<group>"; };
		13B07FB81A68108700A75B9A /* PrivacyInfo.xcprivacy */ = {isa = PBXFileReference; fileEncoding = 4; lastKnownFileType = text.plist.xml; name = PrivacyInfo.xcprivacy; path = TheMovieDb/PrivacyInfo.xcprivacy; sourceTree = "<group>"; };
		1E9184A92C6A4122B847D5DC /* SourceSans3-BlackItalic.ttf */ = {isa = PBXFileReference; explicitFileType = undefined; fileEncoding = undefined; includeInIndex = 0; lastKnownFileType = unknown; name = "SourceSans3-BlackItalic.ttf"; path = "../src/assets/fonts/SourceSans3-BlackItalic.ttf"; sourceTree = "<group>"; };
		1F77180DBBD347B99239AF2E /* SourceSans3-Black.ttf */ = {isa = PBXFileReference; explicitFileType = undefined; fileEncoding = undefined; includeInIndex = 0; lastKnownFileType = unknown; name = "SourceSans3-Black.ttf"; path = "../src/assets/fonts/SourceSans3-Black.ttf"; sourceTree = "<group>"; };
		2F8F83178D184F97B87FA001 /* SourceSans3-Medium.ttf */ = {isa = PBXFileReference; explicitFileType = undefined; fileEncoding = undefined; includeInIndex = 0; lastKnownFileType = unknown; name = "SourceSans3-Medium.ttf"; path = "../src/assets/fonts/SourceSans3-Medium.ttf"; sourceTree = "<group>"; };
		318331B1201045E697784C10 /* SourceSans3-Bold.ttf */ = {isa = PBXFileReference; explicitFileType = undefined; fileEncoding = undefined; includeInIndex = 0; lastKnownFileType = unknown; name = "SourceSans3-Bold.ttf"; path = "../src/assets/fonts/SourceSans3-Bold.ttf"; sourceTree = "<group>"; };
		3B4392A12AC88292D35C810B /* Pods-TheMovieDb.debug.xcconfig */ = {isa = PBXFileReference; includeInIndex = 1; lastKnownFileType = text.xcconfig; name = "Pods-TheMovieDb.debug.xcconfig"; path = "Target Support Files/Pods-TheMovieDb/Pods-TheMovieDb.debug.xcconfig"; sourceTree = "<group>"; };
		5709B34CF0A7D63546082F79 /* Pods-TheMovieDb.release.xcconfig */ = {isa = PBXFileReference; includeInIndex = 1; lastKnownFileType = text.xcconfig; name = "Pods-TheMovieDb.release.xcconfig"; path = "Target Support Files/Pods-TheMovieDb/Pods-TheMovieDb.release.xcconfig"; sourceTree = "<group>"; };
		5DCACB8F33CDC322A6C60F78 /* libPods-TheMovieDb.a */ = {isa = PBXFileReference; explicitFileType = archive.ar; includeInIndex = 0; path = "libPods-TheMovieDb.a"; sourceTree = BUILT_PRODUCTS_DIR; };
		5DCFC3C405724564B76F8AAC /* SourceSans3-ExtraLight.ttf */ = {isa = PBXFileReference; explicitFileType = undefined; fileEncoding = undefined; includeInIndex = 0; lastKnownFileType = unknown; name = "SourceSans3-ExtraLight.ttf"; path = "../src/assets/fonts/SourceSans3-ExtraLight.ttf"; sourceTree = "<group>"; };
		621B0AD46A3847948B6B8A81 /* SourceSans3-Regular.ttf */ = {isa = PBXFileReference; explicitFileType = undefined; fileEncoding = undefined; includeInIndex = 0; lastKnownFileType = unknown; name = "SourceSans3-Regular.ttf"; path = "../src/assets/fonts/SourceSans3-Regular.ttf"; sourceTree = "<group>"; };
		6A59C80BC7514ACD99E4CEEF /* SourceSans3-MediumItalic.ttf */ = {isa = PBXFileReference; explicitFileType = undefined; fileEncoding = undefined; includeInIndex = 0; lastKnownFileType = unknown; name = "SourceSans3-MediumItalic.ttf"; path = "../src/assets/fonts/SourceSans3-MediumItalic.ttf"; sourceTree = "<group>"; };
		6D74AC3E757346AC9C196C3A /* SourceSans3-ExtraBoldItalic.ttf */ = {isa = PBXFileReference; explicitFileType = undefined; fileEncoding = undefined; includeInIndex = 0; lastKnownFileType = unknown; name = "SourceSans3-ExtraBoldItalic.ttf"; path = "../src/assets/fonts/SourceSans3-ExtraBoldItalic.ttf"; sourceTree = "<group>"; };
		761780EC2CA45674006654EE /* AppDelegate.swift */ = {isa = PBXFileReference; lastKnownFileType = sourcecode.swift; name = AppDelegate.swift; path = TheMovieDb/AppDelegate.swift; sourceTree = "<group>"; };
		7760A1BFF1974ED397DCCFB4 /* SourceSans3-BoldItalic.ttf */ = {isa = PBXFileReference; explicitFileType = undefined; fileEncoding = undefined; includeInIndex = 0; lastKnownFileType = unknown; name = "SourceSans3-BoldItalic.ttf"; path = "../src/assets/fonts/SourceSans3-BoldItalic.ttf"; sourceTree = "<group>"; };
		7A032CA40E3D4E9F9C56A0AD /* SourceSans3-SemiBoldItalic.ttf */ = {isa = PBXFileReference; explicitFileType = undefined; fileEncoding = undefined; includeInIndex = 0; lastKnownFileType = unknown; name = "SourceSans3-SemiBoldItalic.ttf"; path = "../src/assets/fonts/SourceSans3-SemiBoldItalic.ttf"; sourceTree = "<group>"; };
		7DBCE928AEA34922A5D33AAA /* SourceSans3-ExtraBold.ttf */ = {isa = PBXFileReference; explicitFileType = undefined; fileEncoding = undefined; includeInIndex = 0; lastKnownFileType = unknown; name = "SourceSans3-ExtraBold.ttf"; path = "../src/assets/fonts/SourceSans3-ExtraBold.ttf"; sourceTree = "<group>"; };
		81AB9BB72411601600AC10FF /* LaunchScreen.storyboard */ = {isa = PBXFileReference; fileEncoding = 4; lastKnownFileType = file.storyboard; name = LaunchScreen.storyboard; path = TheMovieDb/LaunchScreen.storyboard; sourceTree = "<group>"; };
		A715CD6DB7544A2192AF14C3 /* SourceSans3-Italic.ttf */ = {isa = PBXFileReference; explicitFileType = undefined; fileEncoding = undefined; includeInIndex = 0; lastKnownFileType = unknown; name = "SourceSans3-Italic.ttf"; path = "../src/assets/fonts/SourceSans3-Italic.ttf"; sourceTree = "<group>"; };
		B3DC91B84A1E414DB3FD95DF /* SourceSans3-ExtraLightItalic.ttf */ = {isa = PBXFileReference; explicitFileType = undefined; fileEncoding = undefined; includeInIndex = 0; lastKnownFileType = unknown; name = "SourceSans3-ExtraLightItalic.ttf"; path = "../src/assets/fonts/SourceSans3-ExtraLightItalic.ttf"; sourceTree = "<group>"; };
		BE320C92825B4998B6ED308C /* SourceSans3-LightItalic.ttf */ = {isa = PBXFileReference; explicitFileType = undefined; fileEncoding = undefined; includeInIndex = 0; lastKnownFileType = unknown; name = "SourceSans3-LightItalic.ttf"; path = "../src/assets/fonts/SourceSans3-LightItalic.ttf"; sourceTree = "<group>"; };
		C9E92FC69B2240B3B15915A0 /* SourceSans3-Light.ttf */ = {isa = PBXFileReference; explicitFileType = undefined; fileEncoding = undefined; includeInIndex = 0; lastKnownFileType = unknown; name = "SourceSans3-Light.ttf"; path = "../src/assets/fonts/SourceSans3-Light.ttf"; sourceTree = "<group>"; };
		DCB8E01E33B34B1496A9392B /* SourceSans3-SemiBold.ttf */ = {isa = PBXFileReference; explicitFileType = undefined; fileEncoding = undefined; includeInIndex = 0; lastKnownFileType = unknown; name = "SourceSans3-SemiBold.ttf"; path = "../src/assets/fonts/SourceSans3-SemiBold.ttf"; sourceTree = "<group>"; };
		ED297162215061F000B7C4FE /* JavaScriptCore.framework */ = {isa = PBXFileReference; lastKnownFileType = wrapper.framework; name = JavaScriptCore.framework; path = System/Library/Frameworks/JavaScriptCore.framework; sourceTree = SDKROOT; };
/* End PBXFileReference section */

/* Begin PBXFrameworksBuildPhase section */
		13B07F8C1A680F5B00A75B9A /* Frameworks */ = {
			isa = PBXFrameworksBuildPhase;
			buildActionMask = 2147483647;
			files = (
				0C80B921A6F3F58F76C31292 /* libPods-TheMovieDb.a in Frameworks */,
			);
			runOnlyForDeploymentPostprocessing = 0;
		};
/* End PBXFrameworksBuildPhase section */

/* Begin PBXGroup section */
		13B07FAE1A68108700A75B9A /* TheMovieDb */ = {
			isa = PBXGroup;
			children = (
				13B07FB51A68108700A75B9A /* Images.xcassets */,
				761780EC2CA45674006654EE /* AppDelegate.swift */,
				13B07FB61A68108700A75B9A /* Info.plist */,
				81AB9BB72411601600AC10FF /* LaunchScreen.storyboard */,
				13B07FB81A68108700A75B9A /* PrivacyInfo.xcprivacy */,
			);
			name = TheMovieDb;
			sourceTree = "<group>";
		};
		2D16E6871FA4F8E400B85C8A /* Frameworks */ = {
			isa = PBXGroup;
			children = (
				ED297162215061F000B7C4FE /* JavaScriptCore.framework */,
				5DCACB8F33CDC322A6C60F78 /* libPods-TheMovieDb.a */,
			);
			name = Frameworks;
			sourceTree = "<group>";
		};
		832341AE1AAA6A7D00B99B32 /* Libraries */ = {
			isa = PBXGroup;
			children = (
			);
			name = Libraries;
			sourceTree = "<group>";
		};
		83CBB9F61A601CBA00E9B192 = {
			isa = PBXGroup;
			children = (
				13B07FAE1A68108700A75B9A /* TheMovieDb */,
				832341AE1AAA6A7D00B99B32 /* Libraries */,
				83CBBA001A601CBA00E9B192 /* Products */,
				2D16E6871FA4F8E400B85C8A /* Frameworks */,
				BBD78D7AC51CEA395F1C20DB /* Pods */,
				AF2E766F1F3C4E4393ECE4CE /* Resources */,
			);
			indentWidth = 2;
			sourceTree = "<group>";
			tabWidth = 2;
			usesTabs = 0;
		};
		83CBBA001A601CBA00E9B192 /* Products */ = {
			isa = PBXGroup;
			children = (
				13B07F961A680F5B00A75B9A /* TheMovieDb.app */,
			);
			name = Products;
			sourceTree = "<group>";
		};
		AF2E766F1F3C4E4393ECE4CE /* Resources */ = {
			isa = PBXGroup;
			children = (
				1E9184A92C6A4122B847D5DC /* SourceSans3-BlackItalic.ttf */,
				621B0AD46A3847948B6B8A81 /* SourceSans3-Regular.ttf */,
				7A032CA40E3D4E9F9C56A0AD /* SourceSans3-SemiBoldItalic.ttf */,
				B3DC91B84A1E414DB3FD95DF /* SourceSans3-ExtraLightItalic.ttf */,
				1F77180DBBD347B99239AF2E /* SourceSans3-Black.ttf */,
				318331B1201045E697784C10 /* SourceSans3-Bold.ttf */,
				BE320C92825B4998B6ED308C /* SourceSans3-LightItalic.ttf */,
				6A59C80BC7514ACD99E4CEEF /* SourceSans3-MediumItalic.ttf */,
				A715CD6DB7544A2192AF14C3 /* SourceSans3-Italic.ttf */,
				7760A1BFF1974ED397DCCFB4 /* SourceSans3-BoldItalic.ttf */,
				6D74AC3E757346AC9C196C3A /* SourceSans3-ExtraBoldItalic.ttf */,
				5DCFC3C405724564B76F8AAC /* SourceSans3-ExtraLight.ttf */,
				C9E92FC69B2240B3B15915A0 /* SourceSans3-Light.ttf */,
				2F8F83178D184F97B87FA001 /* SourceSans3-Medium.ttf */,
				DCB8E01E33B34B1496A9392B /* SourceSans3-SemiBold.ttf */,
				7DBCE928AEA34922A5D33AAA /* SourceSans3-ExtraBold.ttf */,
			);
			name = Resources;
			path = "";
			sourceTree = "<group>";
		};
		BBD78D7AC51CEA395F1C20DB /* Pods */ = {
			isa = PBXGroup;
			children = (
				3B4392A12AC88292D35C810B /* Pods-TheMovieDb.debug.xcconfig */,
				5709B34CF0A7D63546082F79 /* Pods-TheMovieDb.release.xcconfig */,
			);
			path = Pods;
			sourceTree = "<group>";
		};
/* End PBXGroup section */

/* Begin PBXNativeTarget section */
		13B07F861A680F5B00A75B9A /* TheMovieDb */ = {
			isa = PBXNativeTarget;
			buildConfigurationList = 13B07F931A680F5B00A75B9A /* Build configuration list for PBXNativeTarget "TheMovieDb" */;
			buildPhases = (
				C38B50BA6285516D6DCD4F65 /* [CP] Check Pods Manifest.lock */,
				13B07F871A680F5B00A75B9A /* Sources */,
				13B07F8C1A680F5B00A75B9A /* Frameworks */,
				13B07F8E1A680F5B00A75B9A /* Resources */,
				00DD1BFF1BD5951E006B06BC /* Bundle React Native code and images */,
				00EEFC60759A1932668264C0 /* [CP] Embed Pods Frameworks */,
				E235C05ADACE081382539298 /* [CP] Copy Pods Resources */,
			);
			buildRules = (
			);
			dependencies = (
			);
			name = TheMovieDb;
			productName = TheMovieDb;
			productReference = 13B07F961A680F5B00A75B9A /* TheMovieDb.app */;
			productType = "com.apple.product-type.application";
		};
/* End PBXNativeTarget section */

/* Begin PBXProject section */
		83CBB9F71A601CBA00E9B192 /* Project object */ = {
			isa = PBXProject;
			attributes = {
				LastUpgradeCheck = 1210;
				TargetAttributes = {
					13B07F861A680F5B00A75B9A = {
						LastSwiftMigration = 1120;
					};
				};
			};
			buildConfigurationList = 83CBB9FA1A601CBA00E9B192 /* Build configuration list for PBXProject "TheMovieDb" */;
			compatibilityVersion = "Xcode 12.0";
			developmentRegion = en;
			hasScannedForEncodings = 0;
			knownRegions = (
				en,
				Base,
			);
			mainGroup = 83CBB9F61A601CBA00E9B192;
			productRefGroup = 83CBBA001A601CBA00E9B192 /* Products */;
			projectDirPath = "";
			projectRoot = "";
			targets = (
				13B07F861A680F5B00A75B9A /* TheMovieDb */,
			);
		};
/* End PBXProject section */

/* Begin PBXResourcesBuildPhase section */
		13B07F8E1A680F5B00A75B9A /* Resources */ = {
			isa = PBXResourcesBuildPhase;
			buildActionMask = 2147483647;
			files = (
				81AB9BB82411601600AC10FF /* LaunchScreen.storyboard in Resources */,
				13B07FBF1A68108700A75B9A /* Images.xcassets in Resources */,
				599B82C5333CC7AC223717F5 /* PrivacyInfo.xcprivacy in Resources */,
				C8A70A67CEAF4C1DAA510BD4 /* SourceSans3-BlackItalic.ttf in Resources */,
				121E89DC073F46CDAFF9D9C7 /* SourceSans3-Regular.ttf in Resources */,
				824FF5D0ED6C404186F3DCFF /* SourceSans3-SemiBoldItalic.ttf in Resources */,
				15C5A6D700154F399F806AA5 /* SourceSans3-ExtraLightItalic.ttf in Resources */,
				35C4C11C4B2C433491FF1575 /* SourceSans3-Black.ttf in Resources */,
				D5B4589034CB40A9AE705994 /* SourceSans3-Bold.ttf in Resources */,
				95EEC996899B49848BEF6BA6 /* SourceSans3-LightItalic.ttf in Resources */,
				64C1F83A4F714C83BD6094B8 /* SourceSans3-MediumItalic.ttf in Resources */,
				A9F484F0F71D438C9BF6B10E /* SourceSans3-Italic.ttf in Resources */,
				D6E564BDC6854CBDA139B727 /* SourceSans3-BoldItalic.ttf in Resources */,
				76A28F5AB76C4CE586ABDEA1 /* SourceSans3-ExtraBoldItalic.ttf in Resources */,
				5D4568F815334CB4AAC33111 /* SourceSans3-ExtraLight.ttf in Resources */,
				9DD59F612B2A4BF2AF253D12 /* SourceSans3-Light.ttf in Resources */,
				C973D98F79B44E0CA2077DD7 /* SourceSans3-Medium.ttf in Resources */,
				0AF270F5EC044FF2A2B76B90 /* SourceSans3-SemiBold.ttf in Resources */,
				ECF305F4DD8D457E8D5A31F6 /* SourceSans3-ExtraBold.ttf in Resources */,
			);
			runOnlyForDeploymentPostprocessing = 0;
		};
/* End PBXResourcesBuildPhase section */

/* Begin PBXShellScriptBuildPhase section */
		00DD1BFF1BD5951E006B06BC /* Bundle React Native code and images */ = {
			isa = PBXShellScriptBuildPhase;
			buildActionMask = 2147483647;
			files = (
			);
			inputPaths = (
				"$(SRCROOT)/.xcode.env.local",
				"$(SRCROOT)/.xcode.env",
			);
			name = "Bundle React Native code and images";
			outputPaths = (
			);
			runOnlyForDeploymentPostprocessing = 0;
			shellPath = /bin/sh;
			shellScript = "set -e\n\nWITH_ENVIRONMENT=\"$REACT_NATIVE_PATH/scripts/xcode/with-environment.sh\"\nREACT_NATIVE_XCODE=\"$REACT_NATIVE_PATH/scripts/react-native-xcode.sh\"\n\n/bin/sh -c \"\\\"$WITH_ENVIRONMENT\\\" \\\"$REACT_NATIVE_XCODE\\\"\"\n";
		};
		00EEFC60759A1932668264C0 /* [CP] Embed Pods Frameworks */ = {
			isa = PBXShellScriptBuildPhase;
			buildActionMask = 2147483647;
			files = (
			);
			inputFileListPaths = (
				"${PODS_ROOT}/Target Support Files/Pods-TheMovieDb/Pods-TheMovieDb-frameworks-${CONFIGURATION}-input-files.xcfilelist",
			);
			name = "[CP] Embed Pods Frameworks";
			outputFileListPaths = (
				"${PODS_ROOT}/Target Support Files/Pods-TheMovieDb/Pods-TheMovieDb-frameworks-${CONFIGURATION}-output-files.xcfilelist",
			);
			runOnlyForDeploymentPostprocessing = 0;
			shellPath = /bin/sh;
			shellScript = "\"${PODS_ROOT}/Target Support Files/Pods-TheMovieDb/Pods-TheMovieDb-frameworks.sh\"\n";
			showEnvVarsInLog = 0;
		};
		C38B50BA6285516D6DCD4F65 /* [CP] Check Pods Manifest.lock */ = {
			isa = PBXShellScriptBuildPhase;
			buildActionMask = 2147483647;
			files = (
			);
			inputFileListPaths = (
			);
			inputPaths = (
				"${PODS_PODFILE_DIR_PATH}/Podfile.lock",
				"${PODS_ROOT}/Manifest.lock",
			);
			name = "[CP] Check Pods Manifest.lock";
			outputFileListPaths = (
			);
			outputPaths = (
				"$(DERIVED_FILE_DIR)/Pods-TheMovieDb-checkManifestLockResult.txt",
			);
			runOnlyForDeploymentPostprocessing = 0;
			shellPath = /bin/sh;
			shellScript = "diff \"${PODS_PODFILE_DIR_PATH}/Podfile.lock\" \"${PODS_ROOT}/Manifest.lock\" > /dev/null\nif [ $? != 0 ] ; then\n    # print error to STDERR\n    echo \"error: The sandbox is not in sync with the Podfile.lock. Run 'pod install' or update your CocoaPods installation.\" >&2\n    exit 1\nfi\n# This output is used by Xcode 'outputs' to avoid re-running this script phase.\necho \"SUCCESS\" > \"${SCRIPT_OUTPUT_FILE_0}\"\n";
			showEnvVarsInLog = 0;
		};
		E235C05ADACE081382539298 /* [CP] Copy Pods Resources */ = {
			isa = PBXShellScriptBuildPhase;
			buildActionMask = 2147483647;
			files = (
			);
			inputFileListPaths = (
				"${PODS_ROOT}/Target Support Files/Pods-TheMovieDb/Pods-TheMovieDb-resources-${CONFIGURATION}-input-files.xcfilelist",
			);
			name = "[CP] Copy Pods Resources";
			outputFileListPaths = (
				"${PODS_ROOT}/Target Support Files/Pods-TheMovieDb/Pods-TheMovieDb-resources-${CONFIGURATION}-output-files.xcfilelist",
			);
			runOnlyForDeploymentPostprocessing = 0;
			shellPath = /bin/sh;
			shellScript = "\"${PODS_ROOT}/Target Support Files/Pods-TheMovieDb/Pods-TheMovieDb-resources.sh\"\n";
			showEnvVarsInLog = 0;
		};
/* End PBXShellScriptBuildPhase section */

/* Begin PBXSourcesBuildPhase section */
		13B07F871A680F5B00A75B9A /* Sources */ = {
			isa = PBXSourcesBuildPhase;
			buildActionMask = 2147483647;
			files = (
				761780ED2CA45674006654EE /* AppDelegate.swift in Sources */,
			);
			runOnlyForDeploymentPostprocessing = 0;
		};
/* End PBXSourcesBuildPhase section */

/* Begin XCBuildConfiguration section */
		13B07F941A680F5B00A75B9A /* Debug */ = {
			isa = XCBuildConfiguration;
			baseConfigurationReference = 3B4392A12AC88292D35C810B /* Pods-TheMovieDb.debug.xcconfig */;
			buildSettings = {
				ASSETCATALOG_COMPILER_APPICON_NAME = AppIcon;
				CLANG_ENABLE_MODULES = YES;
				CURRENT_PROJECT_VERSION = 1;
				ENABLE_BITCODE = NO;
				INFOPLIST_FILE = TheMovieDb/Info.plist;
				IPHONEOS_DEPLOYMENT_TARGET = 15.1;
				LD_RUNPATH_SEARCH_PATHS = (
					"$(inherited)",
					"@executable_path/Frameworks",
				);
				MARKETING_VERSION = 1.0;
				OTHER_LDFLAGS = (
					"$(inherited)",
					"-ObjC",
					"-lc++",
				);
				PRODUCT_BUNDLE_IDENTIFIER = "org.reactjs.native.example.$(PRODUCT_NAME:rfc1034identifier)";
				PRODUCT_NAME = TheMovieDb;
				SWIFT_OPTIMIZATION_LEVEL = "-Onone";
				SWIFT_VERSION = 5.0;
				VERSIONING_SYSTEM = "apple-generic";
			};
			name = Debug;
		};
		13B07F951A680F5B00A75B9A /* Release */ = {
			isa = XCBuildConfiguration;
			baseConfigurationReference = 5709B34CF0A7D63546082F79 /* Pods-TheMovieDb.release.xcconfig */;
			buildSettings = {
				ASSETCATALOG_COMPILER_APPICON_NAME = AppIcon;
				CLANG_ENABLE_MODULES = YES;
				CURRENT_PROJECT_VERSION = 1;
				INFOPLIST_FILE = TheMovieDb/Info.plist;
				IPHONEOS_DEPLOYMENT_TARGET = 15.1;
				LD_RUNPATH_SEARCH_PATHS = (
					"$(inherited)",
					"@executable_path/Frameworks",
				);
				MARKETING_VERSION = 1.0;
				OTHER_LDFLAGS = (
					"$(inherited)",
					"-ObjC",
					"-lc++",
				);
				PRODUCT_BUNDLE_IDENTIFIER = "org.reactjs.native.example.$(PRODUCT_NAME:rfc1034identifier)";
				PRODUCT_NAME = TheMovieDb;
				SWIFT_VERSION = 5.0;
				VERSIONING_SYSTEM = "apple-generic";
			};
			name = Release;
		};
		83CBBA201A601CBA00E9B192 /* Debug */ = {
			isa = XCBuildConfiguration;
			buildSettings = {
				ALWAYS_SEARCH_USER_PATHS = NO;
				CLANG_ANALYZER_LOCALIZABILITY_NONLOCALIZED = YES;
				CLANG_CXX_LANGUAGE_STANDARD = "c++20";
				CLANG_CXX_LIBRARY = "libc++";
				CLANG_ENABLE_MODULES = YES;
				CLANG_ENABLE_OBJC_ARC = YES;
				CLANG_WARN_BLOCK_CAPTURE_AUTORELEASING = YES;
				CLANG_WARN_BOOL_CONVERSION = YES;
				CLANG_WARN_COMMA = YES;
				CLANG_WARN_CONSTANT_CONVERSION = YES;
				CLANG_WARN_DEPRECATED_OBJC_IMPLEMENTATIONS = YES;
				CLANG_WARN_DIRECT_OBJC_ISA_USAGE = YES_ERROR;
				CLANG_WARN_EMPTY_BODY = YES;
				CLANG_WARN_ENUM_CONVERSION = YES;
				CLANG_WARN_INFINITE_RECURSION = YES;
				CLANG_WARN_INT_CONVERSION = YES;
				CLANG_WARN_NON_LITERAL_NULL_CONVERSION = YES;
				CLANG_WARN_OBJC_IMPLICIT_RETAIN_SELF = YES;
				CLANG_WARN_OBJC_LITERAL_CONVERSION = YES;
				CLANG_WARN_OBJC_ROOT_CLASS = YES_ERROR;
				CLANG_WARN_QUOTED_INCLUDE_IN_FRAMEWORK_HEADER = YES;
				CLANG_WARN_RANGE_LOOP_ANALYSIS = YES;
				CLANG_WARN_STRICT_PROTOTYPES = YES;
				CLANG_WARN_SUSPICIOUS_MOVE = YES;
				CLANG_WARN_UNREACHABLE_CODE = YES;
				CLANG_WARN__DUPLICATE_METHOD_MATCH = YES;
				"CODE_SIGN_IDENTITY[sdk=iphoneos*]" = "iPhone Developer";
				COPY_PHASE_STRIP = NO;
				ENABLE_STRICT_OBJC_MSGSEND = YES;
				ENABLE_TESTABILITY = YES;
				"EXCLUDED_ARCHS[sdk=iphonesimulator*]" = "";
				GCC_C_LANGUAGE_STANDARD = gnu99;
				GCC_DYNAMIC_NO_PIC = NO;
				GCC_NO_COMMON_BLOCKS = YES;
				GCC_OPTIMIZATION_LEVEL = 0;
				GCC_PREPROCESSOR_DEFINITIONS = (
					"DEBUG=1",
					"$(inherited)",
				);
				GCC_SYMBOLS_PRIVATE_EXTERN = NO;
				GCC_WARN_64_TO_32_BIT_CONVERSION = YES;
				GCC_WARN_ABOUT_RETURN_TYPE = YES_ERROR;
				GCC_WARN_UNDECLARED_SELECTOR = YES;
				GCC_WARN_UNINITIALIZED_AUTOS = YES_AGGRESSIVE;
				GCC_WARN_UNUSED_FUNCTION = YES;
				GCC_WARN_UNUSED_VARIABLE = YES;
				IPHONEOS_DEPLOYMENT_TARGET = 15.1;
				LD_RUNPATH_SEARCH_PATHS = (
					/usr/lib/swift,
					"$(inherited)",
				);
				LIBRARY_SEARCH_PATHS = (
					"\"$(SDKROOT)/usr/lib/swift\"",
					"\"$(TOOLCHAIN_DIR)/usr/lib/swift/$(PLATFORM_NAME)\"",
					"\"$(inherited)\"",
				);
				MTL_ENABLE_DEBUG_INFO = YES;
				ONLY_ACTIVE_ARCH = YES;
				OTHER_CFLAGS = "$(inherited)";
				OTHER_CPLUSPLUSFLAGS = (
					"$(OTHER_CFLAGS)",
					"-DFOLLY_NO_CONFIG",
					"-DFOLLY_MOBILE=1",
					"-DFOLLY_USE_LIBCPP=1",
					"-DFOLLY_CFG_NO_COROUTINES=1",
					"-DFOLLY_HAVE_CLOCK_GETTIME=1",
				);
				REACT_NATIVE_PATH = "${PODS_ROOT}/../../node_modules/react-native";
				SDKROOT = iphoneos;
				SWIFT_ACTIVE_COMPILATION_CONDITIONS = "$(inherited) DEBUG";
				USE_HERMES = true;
			};
			name = Debug;
		};
		83CBBA211A601CBA00E9B192 /* Release */ = {
			isa = XCBuildConfiguration;
			buildSettings = {
				ALWAYS_SEARCH_USER_PATHS = NO;
				CLANG_ANALYZER_LOCALIZABILITY_NONLOCALIZED = YES;
				CLANG_CXX_LANGUAGE_STANDARD = "c++20";
				CLANG_CXX_LIBRARY = "libc++";
				CLANG_ENABLE_MODULES = YES;
				CLANG_ENABLE_OBJC_ARC = YES;
				CLANG_WARN_BLOCK_CAPTURE_AUTORELEASING = YES;
				CLANG_WARN_BOOL_CONVERSION = YES;
				CLANG_WARN_COMMA = YES;
				CLANG_WARN_CONSTANT_CONVERSION = YES;
				CLANG_WARN_DEPRECATED_OBJC_IMPLEMENTATIONS = YES;
				CLANG_WARN_DIRECT_OBJC_ISA_USAGE = YES_ERROR;
				CLANG_WARN_EMPTY_BODY = YES;
				CLANG_WARN_ENUM_CONVERSION = YES;
				CLANG_WARN_INFINITE_RECURSION = YES;
				CLANG_WARN_INT_CONVERSION = YES;
				CLANG_WARN_NON_LITERAL_NULL_CONVERSION = YES;
				CLANG_WARN_OBJC_IMPLICIT_RETAIN_SELF = YES;
				CLANG_WARN_OBJC_LITERAL_CONVERSION = YES;
				CLANG_WARN_OBJC_ROOT_CLASS = YES_ERROR;
				CLANG_WARN_QUOTED_INCLUDE_IN_FRAMEWORK_HEADER = YES;
				CLANG_WARN_RANGE_LOOP_ANALYSIS = YES;
				CLANG_WARN_STRICT_PROTOTYPES = YES;
				CLANG_WARN_SUSPICIOUS_MOVE = YES;
				CLANG_WARN_UNREACHABLE_CODE = YES;
				CLANG_WARN__DUPLICATE_METHOD_MATCH = YES;
				"CODE_SIGN_IDENTITY[sdk=iphoneos*]" = "iPhone Developer";
				COPY_PHASE_STRIP = YES;
				ENABLE_NS_ASSERTIONS = NO;
				ENABLE_STRICT_OBJC_MSGSEND = YES;
				"EXCLUDED_ARCHS[sdk=iphonesimulator*]" = "";
				GCC_C_LANGUAGE_STANDARD = gnu99;
				GCC_NO_COMMON_BLOCKS = YES;
				GCC_WARN_64_TO_32_BIT_CONVERSION = YES;
				GCC_WARN_ABOUT_RETURN_TYPE = YES_ERROR;
				GCC_WARN_UNDECLARED_SELECTOR = YES;
				GCC_WARN_UNINITIALIZED_AUTOS = YES_AGGRESSIVE;
				GCC_WARN_UNUSED_FUNCTION = YES;
				GCC_WARN_UNUSED_VARIABLE = YES;
				IPHONEOS_DEPLOYMENT_TARGET = 15.1;
				LD_RUNPATH_SEARCH_PATHS = (
					/usr/lib/swift,
					"$(inherited)",
				);
				LIBRARY_SEARCH_PATHS = (
					"\"$(SDKROOT)/usr/lib/swift\"",
					"\"$(TOOLCHAIN_DIR)/usr/lib/swift/$(PLATFORM_NAME)\"",
					"\"$(inherited)\"",
				);
				MTL_ENABLE_DEBUG_INFO = NO;
				OTHER_CFLAGS = "$(inherited)";
				OTHER_CPLUSPLUSFLAGS = (
					"$(OTHER_CFLAGS)",
					"-DFOLLY_NO_CONFIG",
					"-DFOLLY_MOBILE=1",
					"-DFOLLY_USE_LIBCPP=1",
					"-DFOLLY_CFG_NO_COROUTINES=1",
					"-DFOLLY_HAVE_CLOCK_GETTIME=1",
				);
				REACT_NATIVE_PATH = "${PODS_ROOT}/../../node_modules/react-native";
				SDKROOT = iphoneos;
				USE_HERMES = true;
				VALIDATE_PRODUCT = YES;
			};
			name = Release;
		};
/* End XCBuildConfiguration section */

/* Begin XCConfigurationList section */
		13B07F931A680F5B00A75B9A /* Build configuration list for PBXNativeTarget "TheMovieDb" */ = {
			isa = XCConfigurationList;
			buildConfigurations = (
				13B07F941A680F5B00A75B9A /* Debug */,
				13B07F951A680F5B00A75B9A /* Release */,
			);
			defaultConfigurationIsVisible = 0;
			defaultConfigurationName = Release;
		};
		83CBB9FA1A601CBA00E9B192 /* Build configuration list for PBXProject "TheMovieDb" */ = {
			isa = XCConfigurationList;
			buildConfigurations = (
				83CBBA201A601CBA00E9B192 /* Debug */,
				83CBBA211A601CBA00E9B192 /* Release */,
			);
			defaultConfigurationIsVisible = 0;
			defaultConfigurationName = Release;
		};
/* End XCConfigurationList section */
	};
	rootObject = 83CBB9F71A601CBA00E9B192 /* Project object */;
}
